
Microsoft Visual Studio Solution File, Format Version 12.00
# Visual Studio Version 17
VisualStudioVersion = 17.14.36414.22 d17.14
MinimumVisualStudioVersion = 10.0.40219.1
Project("{FAE04EC0-301F-11D3-BF4B-00C04F79EFBC}") = "MathLibrary", "MathLibrary\MathLibrary.csproj", "{DF0FEFC5-A11D-4C12-B0CF-60AC659DB1E6}"
EndProject
Project("{FAE04EC0-301F-11D3-BF4B-00C04F79EFBC}") = "FractionDemoApp", "FractionDemoApp\FractionDemoApp.csproj", "{6E198819-5CEB-4631-A09D-D8A4A86AE77C}"
EndProject
Project("{FAE04EC0-301F-11D3-BF4B-00C04F79EFBC}") = "FractionApp2", "FractionApp2\FractionApp2.csproj", "{3CF34A10-4F87-4D0C-9DE1-E75602B07B4F}"
EndProject
Project("{FAE04EC0-301F-11D3-BF4B-00C04F79EFBC}") = "ZipDemo", "ZipDemo\ZipDemo.csproj", "{6EAE1F50-1F2B-4B8B-9333-4877C2FF1E0A}"
EndProject
Global
	GlobalSection(SolutionConfigurationPlatforms) = preSolution
		Debug|Any CPU = Debug|Any CPU
		Release|Any CPU = Release|Any CPU
	EndGlobalSection
	GlobalSection(ProjectConfigurationPlatforms) = postSolution
		{DF0FEFC5-A11D-4C12-B0CF-60AC659DB1E6}.Debug|Any CPU.ActiveCfg = Debug|Any CPU
		{DF0FEFC5-A11D-4C12-B0CF-60AC659DB1E6}.Debug|Any CPU.Build.0 = Debug|Any CPU
		{DF0FEFC5-A11D-4C12-B0CF-60AC659DB1E6}.Release|Any CPU.ActiveCfg = Release|Any CPU
		{DF0FEFC5-A11D-4C12-B0CF-60AC659DB1E6}.Release|Any CPU.Build.0 = Release|Any CPU
		{6E198819-5CEB-4631-A09D-D8A4A86AE77C}.Debug|Any CPU.ActiveCfg = Debug|Any CPU
		{6E198819-5CEB-4631-A09D-D8A4A86AE77C}.Debug|Any CPU.Build.0 = Debug|Any CPU
		{6E198819-5CEB-4631-A09D-D8A4A86AE77C}.Release|Any CPU.ActiveCfg = Release|Any CPU
		{6E198819-5CEB-4631-A09D-D8A4A86AE77C}.Release|Any CPU.Build.0 = Release|Any CPU
		{3CF34A10-4F87-4D0C-9DE1-E75602B07B4F}.Debug|Any CPU.ActiveCfg = Debug|Any CPU
		{3CF34A10-4F87-4D0C-9DE1-E75602B07B4F}.Debug|Any CPU.Build.0 = Debug|Any CPU
		{3CF34A10-4F87-4D0C-9DE1-E75602B07B4F}.Release|Any CPU.ActiveCfg = Release|Any CPU
		{3CF34A10-4F87-4D0C-9DE1-E75602B07B4F}.Release|Any CPU.Build.0 = Release|Any CPU
		{6EAE1F50-1F2B-4B8B-9333-4877C2FF1E0A}.Debug|Any CPU.ActiveCfg = Debug|Any CPU
		{6EAE1F50-1F2B-4B8B-9333-4877C2FF1E0A}.Debug|Any CPU.Build.0 = Debug|Any CPU
		{6EAE1F50-1F2B-4B8B-9333-4877C2FF1E0A}.Release|Any CPU.ActiveCfg = Release|Any CPU
		{6EAE1F50-1F2B-4B8B-9333-4877C2FF1E0A}.Release|Any CPU.Build.0 = Release|Any CPU
	EndGlobalSection
	GlobalSection(SolutionProperties) = preSolution
		HideSolutionNode = FALSE
	EndGlobalSection
	GlobalSection(ExtensibilityGlobals) = postSolution
		SolutionGuid = {18FBF9BC-7420-4875-88CA-BCA692DEFD58}
	EndGlobalSection
EndGlobal
