
Microsoft Visual Studio Solution File, Format Version 12.00
# Visual Studio Version 17
VisualStudioVersion = 17.9.34902.65
MinimumVisualStudioVersion = 10.0.40219.1
Project("{FAE04EC0-301F-11D3-BF4B-00C04F79EFBC}") = "ReadWriteText", "ReadWriteText\ReadWriteText.csproj", "{DDD3D061-5DBB-4C97-A351-7D454598D0A0}"
EndProject
Project("{FAE04EC0-301F-11D3-BF4B-00C04F79EFBC}") = "VacancyApp", "VacancyApp\VacancyApp.csproj", "{EEA9F3EC-72CC-46B4-B48F-E3D55B8EEB25}"
EndProject
Global
	GlobalSection(SolutionConfigurationPlatforms) = preSolution
		Debug|Any CPU = Debug|Any CPU
		Release|Any CPU = Release|Any CPU
	EndGlobalSection
	GlobalSection(ProjectConfigurationPlatforms) = postSolution
		{DDD3D061-5DBB-4C97-A351-7D454598D0A0}.Debug|Any CPU.ActiveCfg = Debug|Any CPU
		{DDD3D061-5DBB-4C97-A351-7D454598D0A0}.Debug|Any CPU.Build.0 = Debug|Any CPU
		{DDD3D061-5DBB-4C97-A351-7D454598D0A0}.Release|Any CPU.ActiveCfg = Release|Any CPU
		{DDD3D061-5DBB-4C97-A351-7D454598D0A0}.Release|Any CPU.Build.0 = Release|Any CPU
		{EEA9F3EC-72CC-46B4-B48F-E3D55B8EEB25}.Debug|Any CPU.ActiveCfg = Debug|Any CPU
		{EEA9F3EC-72CC-46B4-B48F-E3D55B8EEB25}.Debug|Any CPU.Build.0 = Debug|Any CPU
		{EEA9F3EC-72CC-46B4-B48F-E3D55B8EEB25}.Release|Any CPU.ActiveCfg = Release|Any CPU
		{EEA9F3EC-72CC-46B4-B48F-E3D55B8EEB25}.Release|Any CPU.Build.0 = Release|Any CPU
	EndGlobalSection
	GlobalSection(SolutionProperties) = preSolution
		HideSolutionNode = FALSE
	EndGlobalSection
	GlobalSection(ExtensibilityGlobals) = postSolution
		SolutionGuid = {AE39EAF9-AD20-462F-B43F-34E11D79CFA5}
	EndGlobalSection
EndGlobal
