
Microsoft Visual Studio Solution File, Format Version 12.00
# Visual Studio Version 17
VisualStudioVersion = 17.9.34714.143
MinimumVisualStudioVersion = 10.0.40219.1
Project("{2150E333-8FDC-42A3-9474-1A3956D46DE8}") = "Solution Items", "Solution Items", "{458E132E-7C02-4093-A2BA-BC1B2F54E39F}"
	ProjectSection(SolutionItems) = preProject
		Task.txt = Task.txt
	EndProjectSection
EndProject
Project("{FAE04EC0-301F-11D3-BF4B-00C04F79EFBC}") = "LocalitiesApp", "LocalitiesApp\LocalitiesApp.csproj", "{5B0328C6-CF4C-4ECB-A15D-14A1FC37397F}"
EndProject
Global
	GlobalSection(SolutionConfigurationPlatforms) = preSolution
		Debug|Any CPU = Debug|Any CPU
		Release|Any CPU = Release|Any CPU
	EndGlobalSection
	GlobalSection(ProjectConfigurationPlatforms) = postSolution
		{5B0328C6-CF4C-4ECB-A15D-14A1FC37397F}.Debug|Any CPU.ActiveCfg = Debug|Any CPU
		{5B0328C6-CF4C-4ECB-A15D-14A1FC37397F}.Debug|Any CPU.Build.0 = Debug|Any CPU
		{5B0328C6-CF4C-4ECB-A15D-14A1FC37397F}.Release|Any CPU.ActiveCfg = Release|Any CPU
		{5B0328C6-CF4C-4ECB-A15D-14A1FC37397F}.Release|Any CPU.Build.0 = Release|Any CPU
	EndGlobalSection
	GlobalSection(SolutionProperties) = preSolution
		HideSolutionNode = FALSE
	EndGlobalSection
	GlobalSection(ExtensibilityGlobals) = postSolution
		SolutionGuid = {ED0143CE-1589-4ED6-9015-5C772B3AF166}
	EndGlobalSection
EndGlobal
