
Microsoft Visual Studio Solution File, Format Version 12.00
# Visual Studio Version 17
VisualStudioVersion = 17.10.34707.107
MinimumVisualStudioVersion = 10.0.40219.1
Project("{FAE04EC0-301F-11D3-BF4B-00C04F79EFBC}") = "ComplexDemo", "ComplexDemo\ComplexDemo.csproj", "{5FBE0CB4-0E39-4B31-B812-02FD93C439CE}"
EndProject
Project("{FAE04EC0-301F-11D3-BF4B-00C04F79EFBC}") = "OperatorsTests", "OperatorsTests\OperatorsTests.csproj", "{5C7422C2-FFC2-4C58-8326-A341F9CA26CB}"
EndProject
Global
	GlobalSection(SolutionConfigurationPlatforms) = preSolution
		Debug|Any CPU = Debug|Any CPU
		Release|Any CPU = Release|Any CPU
	EndGlobalSection
	GlobalSection(ProjectConfigurationPlatforms) = postSolution
		{5FBE0CB4-0E39-4B31-B812-02FD93C439CE}.Debug|Any CPU.ActiveCfg = Debug|Any CPU
		{5FBE0CB4-0E39-4B31-B812-02FD93C439CE}.Debug|Any CPU.Build.0 = Debug|Any CPU
		{5FBE0CB4-0E39-4B31-B812-02FD93C439CE}.Release|Any CPU.ActiveCfg = Release|Any CPU
		{5FBE0CB4-0E39-4B31-B812-02FD93C439CE}.Release|Any CPU.Build.0 = Release|Any CPU
		{5C7422C2-FFC2-4C58-8326-A341F9CA26CB}.Debug|Any CPU.ActiveCfg = Debug|Any CPU
		{5C7422C2-FFC2-4C58-8326-A341F9CA26CB}.Debug|Any CPU.Build.0 = Debug|Any CPU
		{5C7422C2-FFC2-4C58-8326-A341F9CA26CB}.Release|Any CPU.ActiveCfg = Release|Any CPU
		{5C7422C2-FFC2-4C58-8326-A341F9CA26CB}.Release|Any CPU.Build.0 = Release|Any CPU
	EndGlobalSection
	GlobalSection(SolutionProperties) = preSolution
		HideSolutionNode = FALSE
	EndGlobalSection
	GlobalSection(ExtensibilityGlobals) = postSolution
		SolutionGuid = {B93620C9-3577-420F-AED5-1D4FE8ADBAD4}
	EndGlobalSection
EndGlobal
