
Microsoft Visual Studio Solution File, Format Version 12.00
# Visual Studio Version 17
VisualStudioVersion = 17.14.36109.1 d17.14
MinimumVisualStudioVersion = 10.0.40219.1
Project("{FAE04EC0-301F-11D3-BF4B-00C04F79EFBC}") = "ForbesRankApp", "ForbesRankApp\ForbesRankApp.csproj", "{70515C21-73CE-4224-87D5-ABC23EB77EDF}"
EndProject
Project("{FAE04EC0-301F-11D3-BF4B-00C04F79EFBC}") = "Forbes.Core", "Forbes.Core\Forbes.Core.csproj", "{EBB5A8F9-DE13-4254-A0FB-A451A1B14939}"
EndProject
Project("{FAE04EC0-301F-11D3-BF4B-00C04F79EFBC}") = "Forbes.DataParser", "Forbes.DataParser\Forbes.DataParser.csproj", "{96D70B01-47FE-49C2-8CD4-21FE71455C22}"
EndProject
Global
	GlobalSection(SolutionConfigurationPlatforms) = preSolution
		Debug|Any CPU = Debug|Any CPU
		Release|Any CPU = Release|Any CPU
	EndGlobalSection
	GlobalSection(ProjectConfigurationPlatforms) = postSolution
		{70515C21-73CE-4224-87D5-ABC23EB77EDF}.Debug|Any CPU.ActiveCfg = Debug|Any CPU
		{70515C21-73CE-4224-87D5-ABC23EB77EDF}.Debug|Any CPU.Build.0 = Debug|Any CPU
		{70515C21-73CE-4224-87D5-ABC23EB77EDF}.Release|Any CPU.ActiveCfg = Release|Any CPU
		{70515C21-73CE-4224-87D5-ABC23EB77EDF}.Release|Any CPU.Build.0 = Release|Any CPU
		{EBB5A8F9-DE13-4254-A0FB-A451A1B14939}.Debug|Any CPU.ActiveCfg = Debug|Any CPU
		{EBB5A8F9-DE13-4254-A0FB-A451A1B14939}.Debug|Any CPU.Build.0 = Debug|Any CPU
		{EBB5A8F9-DE13-4254-A0FB-A451A1B14939}.Release|Any CPU.ActiveCfg = Release|Any CPU
		{EBB5A8F9-DE13-4254-A0FB-A451A1B14939}.Release|Any CPU.Build.0 = Release|Any CPU
		{96D70B01-47FE-49C2-8CD4-21FE71455C22}.Debug|Any CPU.ActiveCfg = Debug|Any CPU
		{96D70B01-47FE-49C2-8CD4-21FE71455C22}.Debug|Any CPU.Build.0 = Debug|Any CPU
		{96D70B01-47FE-49C2-8CD4-21FE71455C22}.Release|Any CPU.ActiveCfg = Release|Any CPU
		{96D70B01-47FE-49C2-8CD4-21FE71455C22}.Release|Any CPU.Build.0 = Release|Any CPU
	EndGlobalSection
	GlobalSection(SolutionProperties) = preSolution
		HideSolutionNode = FALSE
	EndGlobalSection
	GlobalSection(ExtensibilityGlobals) = postSolution
		SolutionGuid = {823A0476-2D3F-41A9-9EE7-4030EC564CEC}
	EndGlobalSection
EndGlobal
