
Microsoft Visual Studio Solution File, Format Version 12.00
# Visual Studio Version 17
VisualStudioVersion = 17.14.36017.23 d17.14
MinimumVisualStudioVersion = 10.0.40219.1
Project("{FAE04EC0-301F-11D3-BF4B-00C04F79EFBC}") = "ReadWriteProductsDemo", "ReadWriteProductsDemo\ReadWriteProductsDemo.csproj", "{892EC4A6-6814-4C28-A2F6-2290DC82D093}"
EndProject
Global
	GlobalSection(SolutionConfigurationPlatforms) = preSolution
		Debug|Any CPU = Debug|Any CPU
		Release|Any CPU = Release|Any CPU
	EndGlobalSection
	GlobalSection(ProjectConfigurationPlatforms) = postSolution
		{892EC4A6-6814-4C28-A2F6-2290DC82D093}.Debug|Any CPU.ActiveCfg = Debug|Any CPU
		{892EC4A6-6814-4C28-A2F6-2290DC82D093}.Debug|Any CPU.Build.0 = Debug|Any CPU
		{892EC4A6-6814-4C28-A2F6-2290DC82D093}.Release|Any CPU.ActiveCfg = Release|Any CPU
		{892EC4A6-6814-4C28-A2F6-2290DC82D093}.Release|Any CPU.Build.0 = Release|Any CPU
	EndGlobalSection
	GlobalSection(SolutionProperties) = preSolution
		HideSolutionNode = FALSE
	EndGlobalSection
	GlobalSection(ExtensibilityGlobals) = postSolution
		SolutionGuid = {377C1C30-C3E6-4642-8345-A2F30EF226CD}
	EndGlobalSection
EndGlobal
