Microsoft Visual Studio Solution File, Format Version 12.00
# Visual Studio Version 17
VisualStudioVersion = 17.14.35906.104
MinimumVisualStudioVersion = 10.0.40219.1
Project("{FAE04EC0-301F-11D3-BF4B-00C04F79EFBC}") = "ArrayListDemo", "ArrayListDemo\ArrayListDemo.csproj", "{307D8781-1828-4421-B906-BF770379BA66}"
EndProject
Project("{FAE04EC0-301F-11D3-BF4B-00C04F79EFBC}") = "StackQueue", "StackQueue\StackQueue.csproj", "{EE1A2D82-6CB3-424A-B639-7A5A75E179A2}"
EndProject
Project("{FAE04EC0-301F-11D3-BF4B-00C04F79EFBC}") = "ListDemo", "ListDemo\ListDemo.csproj", "{3A12EFDE-70F1-42D0-B6CA-57DE7037233F}"
EndProject
Project("{FAE04EC0-301F-11D3-BF4B-00C04F79EFBC}") = "ListMethodsDemo", "ListMethodsDemo\ListMethodsDemo.csproj", "{429F7602-B30D-4976-825D-D5C7701EB0CC}"
EndProject
Global
	GlobalSection(SolutionConfigurationPlatforms) = preSolution
		Debug|Any CPU = Debug|Any CPU
		Release|Any CPU = Release|Any CPU
	EndGlobalSection
	GlobalSection(ProjectConfigurationPlatforms) = postSolution
		{307D8781-1828-4421-B906-BF770379BA66}.Debug|Any CPU.ActiveCfg = Debug|Any CPU
		{307D8781-1828-4421-B906-BF770379BA66}.Debug|Any CPU.Build.0 = Debug|Any CPU
		{307D8781-1828-4421-B906-BF770379BA66}.Release|Any CPU.ActiveCfg = Release|Any CPU
		{307D8781-1828-4421-B906-BF770379BA66}.Release|Any CPU.Build.0 = Release|Any CPU
		{EE1A2D82-6CB3-424A-B639-7A5A75E179A2}.Debug|Any CPU.ActiveCfg = Debug|Any CPU
		{EE1A2D82-6CB3-424A-B639-7A5A75E179A2}.Debug|Any CPU.Build.0 = Debug|Any CPU
		{EE1A2D82-6CB3-424A-B639-7A5A75E179A2}.Release|Any CPU.ActiveCfg = Release|Any CPU
		{EE1A2D82-6CB3-424A-B639-7A5A75E179A2}.Release|Any CPU.Build.0 = Release|Any CPU
		{3A12EFDE-70F1-42D0-B6CA-57DE7037233F}.Debug|Any CPU.ActiveCfg = Debug|Any CPU
		{3A12EFDE-70F1-42D0-B6CA-57DE7037233F}.Debug|Any CPU.Build.0 = Debug|Any CPU
		{3A12EFDE-70F1-42D0-B6CA-57DE7037233F}.Release|Any CPU.ActiveCfg = Release|Any CPU
		{3A12EFDE-70F1-42D0-B6CA-57DE7037233F}.Release|Any CPU.Build.0 = Release|Any CPU
		{429F7602-B30D-4976-825D-D5C7701EB0CC}.Debug|Any CPU.ActiveCfg = Debug|Any CPU
		{429F7602-B30D-4976-825D-D5C7701EB0CC}.Debug|Any CPU.Build.0 = Debug|Any CPU
		{429F7602-B30D-4976-825D-D5C7701EB0CC}.Release|Any CPU.ActiveCfg = Release|Any CPU
		{429F7602-B30D-4976-825D-D5C7701EB0CC}.Release|Any CPU.Build.0 = Release|Any CPU
	EndGlobalSection
	GlobalSection(SolutionProperties) = preSolution
		HideSolutionNode = FALSE
	EndGlobalSection
	GlobalSection(ExtensibilityGlobals) = postSolution
		SolutionGuid = {E3944552-BC2C-4BFD-817D-C90BEE5B3CD6}
	EndGlobalSection
EndGlobal
