
Microsoft Visual Studio Solution File, Format Version 12.00
# Visual Studio Version 17
VisualStudioVersion = 17.10.34707.107
MinimumVisualStudioVersion = 10.0.40219.1
Project("{FAE04EC0-301F-11D3-BF4B-00C04F79EFBC}") = "PassGenerator", "PassGenerator\PassGenerator.csproj", "{17C4D848-8E1F-4CC3-B113-AE698C6ED3EB}"
EndProject
Project("{FAE04EC0-301F-11D3-BF4B-00C04F79EFBC}") = "InterfacesDemo", "InterfacesDemo\InterfacesDemo.csproj", "{3190B833-B6F6-4F47-8F3D-843BD29D0081}"
EndProject
Global
	GlobalSection(SolutionConfigurationPlatforms) = preSolution
		Debug|Any CPU = Debug|Any CPU
		Release|Any CPU = Release|Any CPU
	EndGlobalSection
	GlobalSection(ProjectConfigurationPlatforms) = postSolution
		{17C4D848-8E1F-4CC3-B113-AE698C6ED3EB}.Debug|Any CPU.ActiveCfg = Debug|Any CPU
		{17C4D848-8E1F-4CC3-B113-AE698C6ED3EB}.Debug|Any CPU.Build.0 = Debug|Any CPU
		{17C4D848-8E1F-4CC3-B113-AE698C6ED3EB}.Release|Any CPU.ActiveCfg = Release|Any CPU
		{17C4D848-8E1F-4CC3-B113-AE698C6ED3EB}.Release|Any CPU.Build.0 = Release|Any CPU
		{3190B833-B6F6-4F47-8F3D-843BD29D0081}.Debug|Any CPU.ActiveCfg = Debug|Any CPU
		{3190B833-B6F6-4F47-8F3D-843BD29D0081}.Debug|Any CPU.Build.0 = Debug|Any CPU
		{3190B833-B6F6-4F47-8F3D-843BD29D0081}.Release|Any CPU.ActiveCfg = Release|Any CPU
		{3190B833-B6F6-4F47-8F3D-843BD29D0081}.Release|Any CPU.Build.0 = Release|Any CPU
	EndGlobalSection
	GlobalSection(SolutionProperties) = preSolution
		HideSolutionNode = FALSE
	EndGlobalSection
	GlobalSection(ExtensibilityGlobals) = postSolution
		SolutionGuid = {C7689C4C-B3A7-4490-ABBB-76DA1840BEDA}
	EndGlobalSection
EndGlobal
