
Microsoft Visual Studio Solution File, Format Version 12.00
# Visual Studio Version 17
VisualStudioVersion = 17.9.34902.65
MinimumVisualStudioVersion = 10.0.40219.1
Project("{FAE04EC0-301F-11D3-BF4B-00C04F79EFBC}") = "Classes", "Classes\Classes.csproj", "{8C116CE6-2D83-4B91-8C05-5FD4B13E54D9}"
EndProject
Project("{FAE04EC0-301F-11D3-BF4B-00C04F79EFBC}") = "ExplorerApp", "ExplorerApp\ExplorerApp.csproj", "{F52E25C1-0B3B-4374-A321-969D784D6C51}"
EndProject
Global
	GlobalSection(SolutionConfigurationPlatforms) = preSolution
		Debug|Any CPU = Debug|Any CPU
		Release|Any CPU = Release|Any CPU
	EndGlobalSection
	GlobalSection(ProjectConfigurationPlatforms) = postSolution
		{8C116CE6-2D83-4B91-8C05-5FD4B13E54D9}.Debug|Any CPU.ActiveCfg = Debug|Any CPU
		{8C116CE6-2D83-4B91-8C05-5FD4B13E54D9}.Debug|Any CPU.Build.0 = Debug|Any CPU
		{8C116CE6-2D83-4B91-8C05-5FD4B13E54D9}.Release|Any CPU.ActiveCfg = Release|Any CPU
		{8C116CE6-2D83-4B91-8C05-5FD4B13E54D9}.Release|Any CPU.Build.0 = Release|Any CPU
		{F52E25C1-0B3B-4374-A321-969D784D6C51}.Debug|Any CPU.ActiveCfg = Debug|Any CPU
		{F52E25C1-0B3B-4374-A321-969D784D6C51}.Debug|Any CPU.Build.0 = Debug|Any CPU
		{F52E25C1-0B3B-4374-A321-969D784D6C51}.Release|Any CPU.ActiveCfg = Release|Any CPU
		{F52E25C1-0B3B-4374-A321-969D784D6C51}.Release|Any CPU.Build.0 = Release|Any CPU
	EndGlobalSection
	GlobalSection(SolutionProperties) = preSolution
		HideSolutionNode = FALSE
	EndGlobalSection
	GlobalSection(ExtensibilityGlobals) = postSolution
		SolutionGuid = {17EAD01F-920D-4D7A-BE87-4188D37842FB}
	EndGlobalSection
EndGlobal
